
Microsoft Visual Studio Solution File, Format Version 12.00
# Visual Studio Version 17
VisualStudioVersion = 17.9.34728.123
MinimumVisualStudioVersion = 10.0.40219.1
Project("{FAE04EC0-301F-11D3-BF4B-00C04F79EFBC}") = "ReactDotNetApp.Server", "ReactDotNetApp.Server\ReactDotNetApp.Server.csproj", "{28815CED-3734-4706-8D90-EFB0CB7A1DD7}"
EndProject
Project("{54A90642-561A-4BB1-A94E-469ADEE60C69}") = "reactdotnetapp.client", "reactdotnetapp.client\reactdotnetapp.client.esproj", "{F039E73E-D83D-4960-8613-A4EFAF2F30C6}"
EndProject
Global
	GlobalSection(SolutionConfigurationPlatforms) = preSolution
		Debug|Any CPU = Debug|Any CPU
		Release|Any CPU = Release|Any CPU
	EndGlobalSection
	GlobalSection(ProjectConfigurationPlatforms) = postSolution
		{28815CED-3734-4706-8D90-EFB0CB7A1DD7}.Debug|Any CPU.ActiveCfg = Debug|Any CPU
		{28815CED-3734-4706-8D90-EFB0CB7A1DD7}.Debug|Any CPU.Build.0 = Debug|Any CPU
		{28815CED-3734-4706-8D90-EFB0CB7A1DD7}.Release|Any CPU.ActiveCfg = Release|Any CPU
		{28815CED-3734-4706-8D90-EFB0CB7A1DD7}.Release|Any CPU.Build.0 = Release|Any CPU
		{F039E73E-D83D-4960-8613-A4EFAF2F30C6}.Debug|Any CPU.ActiveCfg = Debug|Any CPU
		{F039E73E-D83D-4960-8613-A4EFAF2F30C6}.Debug|Any CPU.Build.0 = Debug|Any CPU
		{F039E73E-D83D-4960-8613-A4EFAF2F30C6}.Debug|Any CPU.Deploy.0 = Debug|Any CPU
		{F039E73E-D83D-4960-8613-A4EFAF2F30C6}.Release|Any CPU.ActiveCfg = Release|Any CPU
		{F039E73E-D83D-4960-8613-A4EFAF2F30C6}.Release|Any CPU.Build.0 = Release|Any CPU
		{F039E73E-D83D-4960-8613-A4EFAF2F30C6}.Release|Any CPU.Deploy.0 = Release|Any CPU
	EndGlobalSection
	GlobalSection(SolutionProperties) = preSolution
		HideSolutionNode = FALSE
	EndGlobalSection
	GlobalSection(ExtensibilityGlobals) = postSolution
		SolutionGuid = {FF732059-8532-4CDC-BAFF-C8137996A89F}
	EndGlobalSection
EndGlobal
